{
  "name": "rendu",
  "lockfileVersion": 2,
  "requires": true,
  "packages": {
    "": {
      "dependencies": {
        "@auth0/auth0-spa-js": "^2.2.0"
      }
    },
    "node_modules/@auth0/auth0-spa-js": {
      "version": "2.2.0",
      "resolved": "https://registry.npmjs.org/@auth0/auth0-spa-js/-/auth0-spa-js-2.2.0.tgz",
      "integrity": "sha512-YaHHCxiSQxDb+Ju9gXOqcqgXWq8EkUSpZC4g24D3MoEBUaADKwOosrAnmjDZcslBZpnSFFdrl4dLYedAer3xlQ=="
    }
  },
  "dependencies": {
    "@auth0/auth0-spa-js": {
      "version": "2.2.0",
      "resolved": "https://registry.npmjs.org/@auth0/auth0-spa-js/-/auth0-spa-js-2.2.0.tgz",
      "integrity": "sha512-YaHHCxiSQxDb+Ju9gXOqcqgXWq8EkUSpZC4g24D3MoEBUaADKwOosrAnmjDZcslBZpnSFFdrl4dLYedAer3xlQ=="
    }
  }
}
